Microsoft Visual Studio Solution File, Format Version 12.00
# Visual Studio Version 17
VisualStudioVersion = 17.5.2.0
MinimumVisualStudioVersion = 10.0.40219.1
Project("{FAE04EC0-301F-11D3-BF4B-00C04F79EFBC}") = "p4w.Api", "p4w.Api\p4w.Api.csproj", "{B85B4FE8-98B3-4E74-9A94-9E00986AC638}"
EndProject
Project("{FAE04EC0-301F-11D3-BF4B-00C04F79EFBC}") = "p4w.Core", "p4w.Core\p4w.Core.csproj", "{3051AEFD-1C0A-46E5-B573-C547766F72B5}"
EndProject
Project("{FAE04EC0-301F-11D3-BF4B-00C04F79EFBC}") = "p4w.Data", "p4w.Data\p4w.Data.csproj", "{FFEDFED9-4B06-4F5C-A992-93FB47C46117}"
EndProject
Project("{FAE04EC0-301F-11D3-BF4B-00C04F79EFBC}") = "p4w.Service", "p4w.Service\p4w.Service.csproj", "{1F859DD0-6C14-4CAC-BE88-FD23C913FE37}"
EndProject
Global
	GlobalSection(SolutionProperties) = preSolution
		HideSolutionNode = FALSE
	EndGlobalSection
	GlobalSection(ExtensibilityGlobals) = postSolution
		SolutionGuid = {04FA5B6C-8F47-421E-B14C-1C5D9A8A0468}
	EndGlobalSection
	GlobalSection(SolutionConfigurationPlatforms) = preSolution
		Debug|Any CPU = Debug|Any CPU
		Debug|x64 = Debug|x64
		Debug|x86 = Debug|x86
		Release|Any CPU = Release|Any CPU
		Release|x64 = Release|x64
		Release|x86 = Release|x86
	EndGlobalSection
	GlobalSection(ProjectConfigurationPlatforms) = postSolution
		{B85B4FE8-98B3-4E74-9A94-9E00986AC638}.Debug|Any CPU.ActiveCfg = Debug|Any CPU
		{B85B4FE8-98B3-4E74-9A94-9E00986AC638}.Debug|Any CPU.Build.0 = Debug|Any CPU
		{B85B4FE8-98B3-4E74-9A94-9E00986AC638}.Debug|x64.ActiveCfg = Debug|Any CPU
		{B85B4FE8-98B3-4E74-9A94-9E00986AC638}.Debug|x64.Build.0 = Debug|Any CPU
		{B85B4FE8-98B3-4E74-9A94-9E00986AC638}.Debug|x86.ActiveCfg = Debug|Any CPU
		{B85B4FE8-98B3-4E74-9A94-9E00986AC638}.Debug|x86.Build.0 = Debug|Any CPU
		{B85B4FE8-98B3-4E74-9A94-9E00986AC638}.Release|Any CPU.ActiveCfg = Release|Any CPU
		{B85B4FE8-98B3-4E74-9A94-9E00986AC638}.Release|Any CPU.Build.0 = Release|Any CPU
		{B85B4FE8-98B3-4E74-9A94-9E00986AC638}.Release|x64.ActiveCfg = Release|Any CPU
		{B85B4FE8-98B3-4E74-9A94-9E00986AC638}.Release|x64.Build.0 = Release|Any CPU
		{B85B4FE8-98B3-4E74-9A94-9E00986AC638}.Release|x86.ActiveCfg = Release|Any CPU
		{B85B4FE8-98B3-4E74-9A94-9E00986AC638}.Release|x86.Build.0 = Release|Any CPU
		{3051AEFD-1C0A-46E5-B573-C547766F72B5}.Debug|Any CPU.ActiveCfg = Debug|Any CPU
		{3051AEFD-1C0A-46E5-B573-C547766F72B5}.Debug|Any CPU.Build.0 = Debug|Any CPU
		{3051AEFD-1C0A-46E5-B573-C547766F72B5}.Debug|x64.ActiveCfg = Debug|Any CPU
		{3051AEFD-1C0A-46E5-B573-C547766F72B5}.Debug|x64.Build.0 = Debug|Any CPU
		{3051AEFD-1C0A-46E5-B573-C547766F72B5}.Debug|x86.ActiveCfg = Debug|Any CPU
		{3051AEFD-1C0A-46E5-B573-C547766F72B5}.Debug|x86.Build.0 = Debug|Any CPU
		{3051AEFD-1C0A-46E5-B573-C547766F72B5}.Release|Any CPU.ActiveCfg = Release|Any CPU
		{3051AEFD-1C0A-46E5-B573-C547766F72B5}.Release|Any CPU.Build.0 = Release|Any CPU
		{3051AEFD-1C0A-46E5-B573-C547766F72B5}.Release|x64.ActiveCfg = Release|Any CPU
		{3051AEFD-1C0A-46E5-B573-C547766F72B5}.Release|x64.Build.0 = Release|Any CPU
		{3051AEFD-1C0A-46E5-B573-C547766F72B5}.Release|x86.ActiveCfg = Release|Any CPU
		{3051AEFD-1C0A-46E5-B573-C547766F72B5}.Release|x86.Build.0 = Release|Any CPU
		{FFEDFED9-4B06-4F5C-A992-93FB47C46117}.Debug|Any CPU.ActiveCfg = Debug|Any CPU
		{FFEDFED9-4B06-4F5C-A992-93FB47C46117}.Debug|Any CPU.Build.0 = Debug|Any CPU
		{FFEDFED9-4B06-4F5C-A992-93FB47C46117}.Debug|x64.ActiveCfg = Debug|Any CPU
		{FFEDFED9-4B06-4F5C-A992-93FB47C46117}.Debug|x64.Build.0 = Debug|Any CPU
		{FFEDFED9-4B06-4F5C-A992-93FB47C46117}.Debug|x86.ActiveCfg = Debug|Any CPU
		{FFEDFED9-4B06-4F5C-A992-93FB47C46117}.Debug|x86.Build.0 = Debug|Any CPU
		{FFEDFED9-4B06-4F5C-A992-93FB47C46117}.Release|Any CPU.ActiveCfg = Release|Any CPU
		{FFEDFED9-4B06-4F5C-A992-93FB47C46117}.Release|Any CPU.Build.0 = Release|Any CPU
		{FFEDFED9-4B06-4F5C-A992-93FB47C46117}.Release|x64.ActiveCfg = Release|Any CPU
		{FFEDFED9-4B06-4F5C-A992-93FB47C46117}.Release|x64.Build.0 = Release|Any CPU
		{FFEDFED9-4B06-4F5C-A992-93FB47C46117}.Release|x86.ActiveCfg = Release|Any CPU
		{FFEDFED9-4B06-4F5C-A992-93FB47C46117}.Release|x86.Build.0 = Release|Any CPU
		{1F859DD0-6C14-4CAC-BE88-FD23C913FE37}.Debug|Any CPU.ActiveCfg = Debug|Any CPU
		{1F859DD0-6C14-4CAC-BE88-FD23C913FE37}.Debug|Any CPU.Build.0 = Debug|Any CPU
		{1F859DD0-6C14-4CAC-BE88-FD23C913FE37}.Debug|x64.ActiveCfg = Debug|Any CPU
		{1F859DD0-6C14-4CAC-BE88-FD23C913FE37}.Debug|x64.Build.0 = Debug|Any CPU
		{1F859DD0-6C14-4CAC-BE88-FD23C913FE37}.Debug|x86.ActiveCfg = Debug|Any CPU
		{1F859DD0-6C14-4CAC-BE88-FD23C913FE37}.Debug|x86.Build.0 = Debug|Any CPU
		{1F859DD0-6C14-4CAC-BE88-FD23C913FE37}.Release|Any CPU.ActiveCfg = Release|Any CPU
		{1F859DD0-6C14-4CAC-BE88-FD23C913FE37}.Release|Any CPU.Build.0 = Release|Any CPU
		{1F859DD0-6C14-4CAC-BE88-FD23C913FE37}.Release|x64.ActiveCfg = Release|Any CPU
		{1F859DD0-6C14-4CAC-BE88-FD23C913FE37}.Release|x64.Build.0 = Release|Any CPU
		{1F859DD0-6C14-4CAC-BE88-FD23C913FE37}.Release|x86.ActiveCfg = Release|Any CPU
		{1F859DD0-6C14-4CAC-BE88-FD23C913FE37}.Release|x86.Build.0 = Release|Any CPU
	EndGlobalSection
EndGlobal
